
Microsoft Visual Studio Solution File, Format Version 12.00
# Visual Studio Version 16
VisualStudioVersion = 16.0.30907.101
MinimumVisualStudioVersion = 10.0.40219.1
Project("{FAE04EC0-301F-11D3-BF4B-00C04F79EFBC}") = "TransportationERP", "TransportationERP.csproj", "{60A8A734-38C1-4F63-AC91-5A6D9C0666CD}"
EndProject
Global
	GlobalSection(SolutionConfigurationPlatforms) = preSolution
		Debug|Any CPU = Debug|Any CPU
		Release|Any CPU = Release|Any CPU
	EndGlobalSection
	GlobalSection(ProjectConfigurationPlatforms) = postSolution
		{60A8A734-38C1-4F63-AC91-5A6D9C0666CD}.Debug|Any CPU.ActiveCfg = Debug|Any CPU
		{60A8A734-38C1-4F63-AC91-5A6D9C0666CD}.Debug|Any CPU.Build.0 = Debug|Any CPU
		{60A8A734-38C1-4F63-AC91-5A6D9C0666CD}.Release|Any CPU.ActiveCfg = Release|Any CPU
		{60A8A734-38C1-4F63-AC91-5A6D9C0666CD}.Release|Any CPU.Build.0 = Release|Any CPU
	EndGlobalSection
	GlobalSection(SolutionProperties) = preSolution
		HideSolutionNode = FALSE
	EndGlobalSection
	GlobalSection(ExtensibilityGlobals) = postSolution
		SolutionGuid = {BF3410FC-6576-4D36-88F4-A1C49810E024}
	EndGlobalSection
EndGlobal
